
Microsoft Visual Studio Solution File, Format Version 12.00
# Visual Studio 15
VisualStudioVersion = 15.0.27703.2035
MinimumVisualStudioVersion = 10.0.40219.1
Project("{FAE04EC0-301F-11D3-BF4B-00C04F79EFBC}") = "uprajnenie01", "uprajnenie01\uprajnenie01.csproj", "{A2B10DB6-BD53-454C-9E7F-2548AE0511F6}"
EndProject
Global
	GlobalSection(SolutionConfigurationPlatforms) = preSolution
		Debug|Any CPU = Debug|Any CPU
		Release|Any CPU = Release|Any CPU
	EndGlobalSection
	GlobalSection(ProjectConfigurationPlatforms) = postSolution
		{A2B10DB6-BD53-454C-9E7F-2548AE0511F6}.Debug|Any CPU.ActiveCfg = Debug|Any CPU
		{A2B10DB6-BD53-454C-9E7F-2548AE0511F6}.Debug|Any CPU.Build.0 = Debug|Any CPU
		{A2B10DB6-BD53-454C-9E7F-2548AE0511F6}.Release|Any CPU.ActiveCfg = Release|Any CPU
		{A2B10DB6-BD53-454C-9E7F-2548AE0511F6}.Release|Any CPU.Build.0 = Release|Any CPU
	EndGlobalSection
	GlobalSection(SolutionProperties) = preSolution
		HideSolutionNode = FALSE
	EndGlobalSection
	GlobalSection(ExtensibilityGlobals) = postSolution
		SolutionGuid = {C54CB9F2-59F5-42B1-8B7A-CE4826D45887}
	EndGlobalSection
EndGlobal
